
Microsoft Visual Studio Solution File, Format Version 12.00
# Visual Studio Version 17
VisualStudioVersion = 17.11.35327.3
MinimumVisualStudioVersion = 10.0.40219.1
Project("{FAE04EC0-301F-11D3-BF4B-00C04F79EFBC}") = "2024.12.16._DatumIdo", "2024.12.16._DatumIdo\2024.12.16._DatumIdo.csproj", "{1D39ABD4-E5B6-4B8F-A806-1C7A3F5C7600}"
EndProject
Global
	GlobalSection(SolutionConfigurationPlatforms) = preSolution
		Debug|Any CPU = Debug|Any CPU
		Release|Any CPU = Release|Any CPU
	EndGlobalSection
	GlobalSection(ProjectConfigurationPlatforms) = postSolution
		{1D39ABD4-E5B6-4B8F-A806-1C7A3F5C7600}.Debug|Any CPU.ActiveCfg = Debug|Any CPU
		{1D39ABD4-E5B6-4B8F-A806-1C7A3F5C7600}.Debug|Any CPU.Build.0 = Debug|Any CPU
		{1D39ABD4-E5B6-4B8F-A806-1C7A3F5C7600}.Release|Any CPU.ActiveCfg = Release|Any CPU
		{1D39ABD4-E5B6-4B8F-A806-1C7A3F5C7600}.Release|Any CPU.Build.0 = Release|Any CPU
	EndGlobalSection
	GlobalSection(SolutionProperties) = preSolution
		HideSolutionNode = FALSE
	EndGlobalSection
	GlobalSection(ExtensibilityGlobals) = postSolution
		SolutionGuid = {59413C76-18FE-4A7F-8199-5BA918FD22D4}
	EndGlobalSection
EndGlobal
